// !$*UTF8*$!
{
	archiveVersion = 1;
	classes = {
	};
	objectVersion = 46;
	objects = {

/* Begin PBXBuildFile section */
		98E553E51AE3D32B00002BAE /* AppDelegate.swift in Sources */ = {isa = PBXBuildFile; fileRef = 98E553E41AE3D32B00002BAE /* AppDelegate.swift */; };
		98E553E71AE3D32B00002BAE /* ViewController.swift in Sources */ = {isa = PBXBuildFile; fileRef = 98E553E61AE3D32B00002BAE /* ViewController.swift */; };
		98E553EA1AE3D32B00002BAE /* Main.storyboard in Resources */ = {isa = PBXBuildFile; fileRef = 98E553E81AE3D32B00002BAE /* Main.storyboard */; };
		98E553EC1AE3D32B00002BAE /* Images.xcassets in Resources */ = {isa = PBXBuildFile; fileRef = 98E553EB1AE3D32B00002BAE /* Images.xcassets */; };
		98E553EF1AE3D32B00002BAE /* LaunchScreen.xib in Resources */ = {isa = PBXBuildFile; fileRef = 98E553ED1AE3D32B00002BAE /* LaunchScreen.xib */; };
		98E553FB1AE3D32B00002BAE /* calculatorTests.swift in Sources */ = {isa = PBXBuildFile; fileRef = 98E553FA1AE3D32B00002BAE /* calculatorTests.swift */; };
/* End PBXBuildFile section */

/* Begin PBXContainerItemProxy section */
		98E553F51AE3D32B00002BAE /* PBXContainerItemProxy */ = {
			isa = PBXContainerItemProxy;
			containerPortal = 98E553D71AE3D32B00002BAE /* Project object */;
			proxyType = 1;
			remoteGlobalIDString = 98E553DE1AE3D32B00002BAE;
			remoteInfo = calculator;
		};
/* End PBXContainerItemProxy section */

/* Begin PBXFileReference section */
		98E553DF1AE3D32B00002BAE /* calculator.app */ = {isa = PBXFileReference; explicitFileType = wrapper.application; includeInIndex = 0; path = calculator.app; sourceTree = BUILT_PRODUCTS_DIR; };
		98E553E31AE3D32B00002BAE /* Info.plist */ = {isa = PBXFileReference; lastKnownFileType = text.plist.xml; path = Info.plist; sourceTree = "<group>"; };
		98E553E41AE3D32B00002BAE /* AppDelegate.swift */ = {isa = PBXFileReference; lastKnownFileType = sourcecode.swift; path = AppDelegate.swift; sourceTree = "<group>"; };
		98E553E61AE3D32B00002BAE /* ViewController.swift */ = {isa = PBXFileReference; lastKnownFileType = sourcecode.swift; path = ViewController.swift; sourceTree = "<group>"; };
		98E553E91AE3D32B00002BAE /* Base */ = {isa = PBXFileReference; lastKnownFileType = file.storyboard; name = Base; path = Base.lproj/Main.storyboard; sourceTree = "<group>"; };
		98E553EB1AE3D32B00002BAE /* Images.xcassets */ = {isa = PBXFileReference; lastKnownFileType = folder.assetcatalog; path = Images.xcassets; sourceTree = "<group>"; };
		98E553EE1AE3D32B00002BAE /* Base */ = {isa = PBXFileReference; lastKnownFileType = file.xib; name = Base; path = Base.lproj/LaunchScreen.xib; sourceTree = "<group>"; };
		98E553F41AE3D32B00002BAE /* calculatorTests.xctest */ = {isa = PBXFileReference; explicitFileType = wrapper.cfbundle; includeInIndex = 0; path = calculatorTests.xctest; sourceTree = BUILT_PRODUCTS_DIR; };
		98E553F91AE3D32B00002BAE /* Info.plist */ = {isa = PBXFileReference; lastKnownFileType = text.plist.xml; path = Info.plist; sourceTree = "<group>"; };
		98E553FA1AE3D32B00002BAE /* calculatorTests.swift */ = {isa = PBXFileReference; lastKnownFileType = sourcecode.swift; path = calculatorTests.swift; sourceTree = "<group>"; };
/* End PBXFileReference section */

/* Begin PBXFrameworksBuildPhase section */
		98E553DC1AE3D32B00002BAE /* Frameworks */ = {
			isa = PBXFrameworksBuildPhase;
			buildActionMask = 2147483647;
			files = (
			);
			runOnlyForDeploymentPostprocessing = 0;
		};
		98E553F11AE3D32B00002BAE /* Frameworks */ = {
			isa = PBXFrameworksBuildPhase;
			buildActionMask = 2147483647;
			files = (
			);
			runOnlyForDeploymentPostprocessing = 0;
		};
/* End PBXFrameworksBuildPhase section */

/* Begin PBXGroup section */
		98E553D61AE3D32B00002BAE = {
			isa = PBXGroup;
			children = (
				98E553E11AE3D32B00002BAE /* calculator */,
				98E553F71AE3D32B00002BAE /* calculatorTests */,
				98E553E01AE3D32B00002BAE /* Products */,
			);
			sourceTree = "<group>";
		};
		98E553E01AE3D32B00002BAE /* Products */ = {
			isa = PBXGroup;
			children = (
				98E553DF1AE3D32B00002BAE /* calculator.app */,
				98E553F41AE3D32B00002BAE /* calculatorTests.xctest */,
			);
			name = Products;
			sourceTree = "<group>";
		};
		98E553E11AE3D32B00002BAE /* calculator */ = {
			isa = PBXGroup;
			children = (
				98E553E41AE3D32B00002BAE /* AppDelegate.swift */,
				98E553E61AE3D32B00002BAE /* ViewController.swift */,
				98E553E81AE3D32B00002BAE /* Main.storyboard */,
				98E553EB1AE3D32B00002BAE /* Images.xcassets */,
				98E553ED1AE3D32B00002BAE /* LaunchScreen.xib */,
				98E553E21AE3D32B00002BAE /* Supporting Files */,
			);
			path = calculator;
			sourceTree = "<group>";
		};
		98E553E21AE3D32B00002BAE /* Supporting Files */ = {
			isa = PBXGroup;
			children = (
				98E553E31AE3D32B00002BAE /* Info.plist */,
			);
			name = "Supporting Files";
			sourceTree = "<group>";
		};
		98E553F71AE3D32B00002BAE /* calculatorTests */ = {
			isa = PBXGroup;
			children = (
				98E553FA1AE3D32B00002BAE /* calculatorTests.swift */,
				98E553F81AE3D32B00002BAE /* Supporting Files */,
			);
			path = calculatorTests;
			sourceTree = "<group>";
		};
		98E553F81AE3D32B00002BAE /* Supporting Files */ = {
			isa = PBXGroup;
			children = (
				98E553F91AE3D32B00002BAE /* Info.plist */,
			);
			name = "Supporting Files";
			sourceTree = "<group>";
		};
/* End PBXGroup section */

/* Begin PBXNativeTarget section */
		98E553DE1AE3D32B00002BAE /* calculator */ = {
			isa = PBXNativeTarget;
			buildConfigurationList = 98E553FE1AE3D32B00002BAE /* Build configuration list for PBXNativeTarget "calculator" */;
			buildPhases = (
				98E553DB1AE3D32B00002BAE /* Sources */,
				98E553DC1AE3D32B00002BAE /* Frameworks */,
				98E553DD1AE3D32B00002BAE /* Resources */,
			);
			buildRules = (
			);
			dependencies = (
			);
			name = calculator;
			productName = calculator;
			productReference = 98E553DF1AE3D32B00002BAE /* calculator.app */;
			productType = "com.apple.product-type.application";
		};
		98E553F31AE3D32B00002BAE /* calculatorTests */ = {
			isa = PBXNativeTarget;
			buildConfigurationList = 98E554011AE3D32B00002BAE /* Build configuration list for PBXNativeTarget "calculatorTests" */;
			buildPhases = (
				98E553F01AE3D32B00002BAE /* Sources */,
				98E553F11AE3D32B00002BAE /* Frameworks */,
				98E553F21AE3D32B00002BAE /* Resources */,
			);
			buildRules = (
			);
			dependencies = (
				98E553F61AE3D32B00002BAE /* PBXTargetDependency */,
			);
			name = calculatorTests;
			productName = calculatorTests;
			productReference = 98E553F41AE3D32B00002BAE /* calculatorTests.xctest */;
			productType = "com.apple.product-type.bundle.unit-test";
		};
/* End PBXNativeTarget section */

/* Begin PBXProject section */
		98E553D71AE3D32B00002BAE /* Project object */ = {
			isa = PBXProject;
			attributes = {
				LastUpgradeCheck = 0630;
				ORGANIZATIONNAME = Steven;
				TargetAttributes = {
					98E553DE1AE3D32B00002BAE = {
						CreatedOnToolsVersion = 6.3;
					};
					98E553F31AE3D32B00002BAE = {
						CreatedOnToolsVersion = 6.3;
						TestTargetID = 98E553DE1AE3D32B00002BAE;
					};
				};
			};
			buildConfigurationList = 98E553DA1AE3D32B00002BAE /* Build configuration list for PBXProject "calculator" */;
			compatibilityVersion = "Xcode 3.2";
			developmentRegion = English;
			hasScannedForEncodings = 0;
			knownRegions = (
				en,
				Base,
			);
			mainGroup = 98E553D61AE3D32B00002BAE;
			productRefGroup = 98E553E01AE3D32B00002BAE /* Products */;
			projectDirPath = "";
			projectRoot = "";
			targets = (
				98E553DE1AE3D32B00002BAE /* calculator */,
				98E553F31AE3D32B00002BAE /* calculatorTests */,
			);
		};
/* End PBXProject section */

/* Begin PBXResourcesBuildPhase section */
		98E553DD1AE3D32B00002BAE /* Resources */ = {
			isa = PBXResourcesBuildPhase;
			buildActionMask = 2147483647;
			files = (
				98E553EA1AE3D32B00002BAE /* Main.storyboard in Resources */,
				98E553EF1AE3D32B00002BAE /* LaunchScreen.xib in Resources */,
				98E553EC1AE3D32B00002BAE /* Images.xcassets in Resources */,
			);
			runOnlyForDeploymentPostprocessing = 0;
		};
		98E553F21AE3D32B00002BAE /* Resources */ = {
			isa = PBXResourcesBuildPhase;
			buildActionMask = 2147483647;
			files = (
			);
			runOnlyForDeploymentPostprocessing = 0;
		};
/* End PBXResourcesBuildPhase section */

/* Begin PBXSourcesBuildPhase section */
		98E553DB1AE3D32B00002BAE /* Sources */ = {
			isa = PBXSourcesBuildPhase;
			buildActionMask = 2147483647;
			files = (
				98E553E71AE3D32B00002BAE /* ViewController.swift in Sources */,
				98E553E51AE3D32B00002BAE /* AppDelegate.swift in Sources */,
			);
			runOnlyForDeploymentPostprocessing = 0;
		};
		98E553F01AE3D32B00002BAE /* Sources */ = {
			isa = PBXSourcesBuildPhase;
			buildActionMask = 2147483647;
			files = (
				98E553FB1AE3D32B00002BAE /* calculatorTests.swift in Sources */,
			);
			runOnlyForDeploymentPostprocessing = 0;
		};
/* End PBXSourcesBuildPhase section */

/* Begin PBXTargetDependency section */
		98E553F61AE3D32B00002BAE /* PBXTargetDependency */ = {
			isa = PBXTargetDependency;
			target = 98E553DE1AE3D32B00002BAE /* calculator */;
			targetProxy = 98E553F51AE3D32B00002BAE /* PBXContainerItemProxy */;
		};
/* End PBXTargetDependency section */

/* Begin PBXVariantGroup section */
		98E553E81AE3D32B00002BAE /* Main.storyboard */ = {
			isa = PBXVariantGroup;
			children = (
				98E553E91AE3D32B00002BAE /* Base */,
			);
			name = Main.storyboard;
			sourceTree = "<group>";
		};
		98E553ED1AE3D32B00002BAE /* LaunchScreen.xib */ = {
			isa = PBXVariantGroup;
			children = (
				98E553EE1AE3D32B00002BAE /* Base */,
			);
			name = LaunchScreen.xib;
			sourceTree = "<group>";
		};
/* End PBXVariantGroup section */

/* Begin XCBuildConfiguration section */
		98E553FC1AE3D32B00002BAE /* Debug */ = {
			isa = XCBuildConfiguration;
			buildSettings = {
				ALWAYS_SEARCH_USER_PATHS = NO;
				CLANG_CXX_LANGUAGE_STANDARD = "gnu++0x";
				CLANG_CXX_LIBRARY = "libc++";
				CLANG_ENABLE_MODULES = YES;
				CLANG_ENABLE_OBJC_ARC = YES;
				CLANG_WARN_BOOL_CONVERSION = YES;
				CLANG_WARN_CONSTANT_CONVERSION = YES;
				CLANG_WARN_DIRECT_OBJC_ISA_USAGE = YES_ERROR;
				CLANG_WARN_EMPTY_BODY = YES;
				CLANG_WARN_ENUM_CONVERSION = YES;
				CLANG_WARN_INT_CONVERSION = YES;
				CLANG_WARN_OBJC_ROOT_CLASS = YES_ERROR;
				CLANG_WARN_UNREACHABLE_CODE = YES;
				CLANG_WARN__DUPLICATE_METHOD_MATCH = YES;
				"CODE_SIGN_IDENTITY[sdk=iphoneos*]" = "iPhone Developer";
				COPY_PHASE_STRIP = NO;
				DEBUG_INFORMATION_FORMAT = "dwarf-with-dsym";
				ENABLE_STRICT_OBJC_MSGSEND = YES;
				GCC_C_LANGUAGE_STANDARD = gnu99;
				GCC_DYNAMIC_NO_PIC = NO;
				GCC_NO_COMMON_BLOCKS = YES;
				GCC_OPTIMIZATION_LEVEL = 0;
				GCC_PREPROCESSOR_DEFINITIONS = (
					"DEBUG=1",
					"$(inherited)",
				);
				GCC_SYMBOLS_PRIVATE_EXTERN = NO;
				GCC_WARN_64_TO_32_BIT_CONVERSION = YES;
				GCC_WARN_ABOUT_RETURN_TYPE = YES_ERROR;
				GCC_WARN_UNDECLARED_SELECTOR = YES;
				GCC_WARN_UNINITIALIZED_AUTOS = YES_AGGRESSIVE;
				GCC_WARN_UNUSED_FUNCTION = YES;
				GCC_WARN_UNUSED_VARIABLE = YES;
				IPHONEOS_DEPLOYMENT_TARGET = 8.3;
				MTL_ENABLE_DEBUG_INFO = YES;
				ONLY_ACTIVE_ARCH = YES;
				SDKROOT = iphoneos;
				SWIFT_OPTIMIZATION_LEVEL = "-Onone";
				TARGETED_DEVICE_FAMILY = "1,2";
			};
			name = Debug;
		};
		98E553FD1AE3D32B00002BAE /* Release */ = {
			isa = XCBuildConfiguration;
			buildSettings = {
				ALWAYS_SEARCH_USER_PATHS = NO;
				CLANG_CXX_LANGUAGE_STANDARD = "gnu++0x";
				CLANG_CXX_LIBRARY = "libc++";
				CLANG_ENABLE_MODULES = YES;
				CLANG_ENABLE_OBJC_ARC = YES;
				CLANG_WARN_BOOL_CONVERSION = YES;
				CLANG_WARN_CONSTANT_CONVERSION = YES;
				CLANG_WARN_DIRECT_OBJC_ISA_USAGE = YES_ERROR;
				CLANG_WARN_EMPTY_BODY = YES;
				CLANG_WARN_ENUM_CONVERSION = YES;
				CLANG_WARN_INT_CONVERSION = YES;
				CLANG_WARN_OBJC_ROOT_CLASS = YES_ERROR;
				CLANG_WARN_UNREACHABLE_CODE = YES;
				CLANG_WARN__DUPLICATE_METHOD_MATCH = YES;
				"CODE_SIGN_IDENTITY[sdk=iphoneos*]" = "iPhone Developer";
				COPY_PHASE_STRIP = NO;
				DEBUG_INFORMATION_FORMAT = "dwarf-with-dsym";
				ENABLE_NS_ASSERTIONS = NO;
				ENABLE_STRICT_OBJC_MSGSEND = YES;
				GCC_C_LANGUAGE_STANDARD = gnu99;
				GCC_NO_COMMON_BLOCKS = YES;
				GCC_WARN_64_TO_32_BIT_CONVERSION = YES;
				GCC_WARN_ABOUT_RETURN_TYPE = YES_ERROR;
				GCC_WARN_UNDECLARED_SELECTOR = YES;
				GCC_WARN_UNINITIALIZED_AUTOS = YES_AGGRESSIVE;
				GCC_WARN_UNUSED_FUNCTION = YES;
				GCC_WARN_UNUSED_VARIABLE = YES;
				IPHONEOS_DEPLOYMENT_TARGET = 8.3;
				MTL_ENABLE_DEBUG_INFO = NO;
				SDKROOT = iphoneos;
				TARGETED_DEVICE_FAMILY = "1,2";
				VALIDATE_PRODUCT = YES;
			};
			name = Release;
		};
		98E553FF1AE3D32B00002BAE /* Debug */ = {
			isa = XCBuildConfiguration;
			buildSettings = {
				ASSETCATALOG_COMPILER_APPICON_NAME = AppIcon;
				INFOPLIST_FILE = calculator/Info.plist;
				LD_RUNPATH_SEARCH_PATHS = "$(inherited) @executable_path/Frameworks";
				PRODUCT_NAME = "$(TARGET_NAME)";
			};
			name = Debug;
		};
		98E554001AE3D32B00002BAE /* Release */ = {
			isa = XCBuildConfiguration;
			buildSettings = {
				ASSETCATALOG_COMPILER_APPICON_NAME = AppIcon;
				INFOPLIST_FILE = calculator/Info.plist;
				LD_RUNPATH_SEARCH_PATHS = "$(inherited) @executable_path/Frameworks";
				PRODUCT_NAME = "$(TARGET_NAME)";
			};
			name = Release;
		};
		98E554021AE3D32B00002BAE /* Debug */ = {
			isa = XCBuildConfiguration;
			buildSettings = {
				BUNDLE_LOADER = "$(TEST_HOST)";
				FRAMEWORK_SEARCH_PATHS = (
					"$(SDKROOT)/Developer/Library/Frameworks",
					"$(inherited)",
				);
				GCC_PREPROCESSOR_DEFINITIONS = (
					"DEBUG=1",
					"$(inherited)",
				);
				INFOPLIST_FILE = calculatorTests/Info.plist;
				LD_RUNPATH_SEARCH_PATHS = "$(inherited) @executable_path/Frameworks @loader_path/Frameworks";
				PRODUCT_NAME = "$(TARGET_NAME)";
				TEST_HOST = "$(BUILT_PRODUCTS_DIR)/calculator.app/calculator";
			};
			name = Debug;
		};
		98E554031AE3D32B00002BAE /* Release */ = {
			isa = XCBuildConfiguration;
			buildSettings = {
				BUNDLE_LOADER = "$(TEST_HOST)";
				FRAMEWORK_SEARCH_PATHS = (
					"$(SDKROOT)/Developer/Library/Frameworks",
					"$(inherited)",
				);
				INFOPLIST_FILE = calculatorTests/Info.plist;
				LD_RUNPATH_SEARCH_PATHS = "$(inherited) @executable_path/Frameworks @loader_path/Frameworks";
				PRODUCT_NAME = "$(TARGET_NAME)";
				TEST_HOST = "$(BUILT_PRODUCTS_DIR)/calculator.app/calculator";
			};
			name = Release;
		};
/* End XCBuildConfiguration section */

/* Begin XCConfigurationList section */
		98E553DA1AE3D32B00002BAE /* Build configuration list for PBXProject "calculator" */ = {
			isa = XCConfigurationList;
			buildConfigurations = (
				98E553FC1AE3D32B00002BAE /* Debug */,
				98E553FD1AE3D32B00002BAE /* Release */,
			);
			defaultConfigurationIsVisible = 0;
			defaultConfigurationName = Release;
		};
		98E553FE1AE3D32B00002BAE /* Build configuration list for PBXNativeTarget "calculator" */ = {
			isa = XCConfigurationList;
			buildConfigurations = (
				98E553FF1AE3D32B00002BAE /* Debug */,
				98E554001AE3D32B00002BAE /* Release */,
			);
			defaultConfigurationIsVisible = 0;
		};
		98E554011AE3D32B00002BAE /* Build configuration list for PBXNativeTarget "calculatorTests" */ = {
			isa = XCConfigurationList;
			buildConfigurations = (
				98E554021AE3D32B00002BAE /* Debug */,
				98E554031AE3D32B00002BAE /* Release */,
			);
			defaultConfigurationIsVisible = 0;
		};
/* End XCConfigurationList section */
	};
	rootObject = 98E553D71AE3D32B00002BAE /* Project object */;
}
